
Microsoft Visual Studio Solution File, Format Version 12.00
# Visual Studio Version 17
VisualStudioVersion = 17.14.36310.24 d17.14
MinimumVisualStudioVersion = 10.0.40219.1
Project("{FAE04EC0-301F-11D3-BF4B-00C04F79EFBC}") = "TicTacToe", "TicTacToe.csproj", "{A462543A-0589-47DC-91CA-A241C59AEA3B}"
EndProject
Global
	GlobalSection(SolutionConfigurationPlatforms) = preSolution
		Debug|Any CPU = Debug|Any CPU
		Release|Any CPU = Release|Any CPU
	EndGlobalSection
	GlobalSection(ProjectConfigurationPlatforms) = postSolution
		{A462543A-0589-47DC-91CA-A241C59AEA3B}.Debug|Any CPU.ActiveCfg = Debug|Any CPU
		{A462543A-0589-47DC-91CA-A241C59AEA3B}.Debug|Any CPU.Build.0 = Debug|Any CPU
		{A462543A-0589-47DC-91CA-A241C59AEA3B}.Release|Any CPU.ActiveCfg = Release|Any CPU
		{A462543A-0589-47DC-91CA-A241C59AEA3B}.Release|Any CPU.Build.0 = Release|Any CPU
	EndGlobalSection
	GlobalSection(SolutionProperties) = preSolution
		HideSolutionNode = FALSE
	EndGlobalSection
	GlobalSection(ExtensibilityGlobals) = postSolution
		SolutionGuid = {9788622A-07F2-4A12-9985-7374BF150414}
	EndGlobalSection
EndGlobal
